
Microsoft Visual Studio Solution File, Format Version 12.00
# Visual Studio Version 17
VisualStudioVersion = 17.13.35931.197
MinimumVisualStudioVersion = 10.0.40219.1
Project("{FAE04EC0-301F-11D3-BF4B-00C04F79EFBC}") = "ContextAI.Application", "ContextAI.Application\ContextAI.Application.csproj", "{6A31E47D-4492-4D78-8DFB-607A9C9193C7}"
EndProject
Project("{FAE04EC0-301F-11D3-BF4B-00C04F79EFBC}") = "ContextAI.Domain", "ContextAI.Domain\ContextAI.Domain.csproj", "{42AE43F9-5496-4C56-915D-9BC437A03DCA}"
EndProject
Project("{FAE04EC0-301F-11D3-BF4B-00C04F79EFBC}") = "ContextAI.Infrastructure", "ContextAI.Infrastructure\ContextAI.Infrastructure.csproj", "{03DC5CB4-D853-4E6B-885B-64FE21A82CE1}"
EndProject
Project("{FAE04EC0-301F-11D3-BF4B-00C04F79EFBC}") = "ContextAI.API", "ContextAI.Api\ContextAI.API.csproj", "{FDDFC669-02DE-CEB0-2632-1D9B5385CF41}"
EndProject
Project("{FAE04EC0-301F-11D3-BF4B-00C04F79EFBC}") = "ContextAI.MCP.Server", "ContextAI.MCP.Server\ContextAI.MCP.Server.csproj", "{6C48F9F5-3040-4580-97DE-C24110C72F57}"
EndProject
Global
	GlobalSection(SolutionConfigurationPlatforms) = preSolution
		Debug|Any CPU = Debug|Any CPU
		Release|Any CPU = Release|Any CPU
	EndGlobalSection
	GlobalSection(ProjectConfigurationPlatforms) = postSolution
		{6A31E47D-4492-4D78-8DFB-607A9C9193C7}.Debug|Any CPU.ActiveCfg = Debug|Any CPU
		{6A31E47D-4492-4D78-8DFB-607A9C9193C7}.Debug|Any CPU.Build.0 = Debug|Any CPU
		{6A31E47D-4492-4D78-8DFB-607A9C9193C7}.Release|Any CPU.ActiveCfg = Release|Any CPU
		{6A31E47D-4492-4D78-8DFB-607A9C9193C7}.Release|Any CPU.Build.0 = Release|Any CPU
		{42AE43F9-5496-4C56-915D-9BC437A03DCA}.Debug|Any CPU.ActiveCfg = Debug|Any CPU
		{42AE43F9-5496-4C56-915D-9BC437A03DCA}.Debug|Any CPU.Build.0 = Debug|Any CPU
		{42AE43F9-5496-4C56-915D-9BC437A03DCA}.Release|Any CPU.ActiveCfg = Release|Any CPU
		{42AE43F9-5496-4C56-915D-9BC437A03DCA}.Release|Any CPU.Build.0 = Release|Any CPU
		{03DC5CB4-D853-4E6B-885B-64FE21A82CE1}.Debug|Any CPU.ActiveCfg = Debug|Any CPU
		{03DC5CB4-D853-4E6B-885B-64FE21A82CE1}.Debug|Any CPU.Build.0 = Debug|Any CPU
		{03DC5CB4-D853-4E6B-885B-64FE21A82CE1}.Release|Any CPU.ActiveCfg = Release|Any CPU
		{03DC5CB4-D853-4E6B-885B-64FE21A82CE1}.Release|Any CPU.Build.0 = Release|Any CPU
		{FDDFC669-02DE-CEB0-2632-1D9B5385CF41}.Debug|Any CPU.ActiveCfg = Debug|Any CPU
		{FDDFC669-02DE-CEB0-2632-1D9B5385CF41}.Debug|Any CPU.Build.0 = Debug|Any CPU
		{FDDFC669-02DE-CEB0-2632-1D9B5385CF41}.Release|Any CPU.ActiveCfg = Release|Any CPU
		{FDDFC669-02DE-CEB0-2632-1D9B5385CF41}.Release|Any CPU.Build.0 = Release|Any CPU
		{6C48F9F5-3040-4580-97DE-C24110C72F57}.Debug|Any CPU.ActiveCfg = Debug|Any CPU
		{6C48F9F5-3040-4580-97DE-C24110C72F57}.Debug|Any CPU.Build.0 = Debug|Any CPU
		{6C48F9F5-3040-4580-97DE-C24110C72F57}.Release|Any CPU.ActiveCfg = Release|Any CPU
		{6C48F9F5-3040-4580-97DE-C24110C72F57}.Release|Any CPU.Build.0 = Release|Any CPU
	EndGlobalSection
	GlobalSection(SolutionProperties) = preSolution
		HideSolutionNode = FALSE
	EndGlobalSection
	GlobalSection(ExtensibilityGlobals) = postSolution
		SolutionGuid = {A0A2EF84-B959-4776-916B-B6BBD9797A4F}
	EndGlobalSection
EndGlobal
